
Microsoft Visual Studio Solution File, Format Version 12.00
# Visual Studio Version 17
VisualStudioVersion = 17.4.33122.133
MinimumVisualStudioVersion = 10.0.40219.1
Project("{FAE04EC0-301F-11D3-BF4B-00C04F79EFBC}") = "day_1", "day_1\day_1.csproj", "{90637D8D-369B-45E1-B664-0D36E2359057}"
EndProject
Global
	GlobalSection(SolutionConfigurationPlatforms) = preSolution
		Debug|Any CPU = Debug|Any CPU
		Release|Any CPU = Release|Any CPU
	EndGlobalSection
	GlobalSection(ProjectConfigurationPlatforms) = postSolution
		{90637D8D-369B-45E1-B664-0D36E2359057}.Debug|Any CPU.ActiveCfg = Debug|Any CPU
		{90637D8D-369B-45E1-B664-0D36E2359057}.Debug|Any CPU.Build.0 = Debug|Any CPU
		{90637D8D-369B-45E1-B664-0D36E2359057}.Release|Any CPU.ActiveCfg = Release|Any CPU
		{90637D8D-369B-45E1-B664-0D36E2359057}.Release|Any CPU.Build.0 = Release|Any CPU
	EndGlobalSection
	GlobalSection(SolutionProperties) = preSolution
		HideSolutionNode = FALSE
	EndGlobalSection
	GlobalSection(ExtensibilityGlobals) = postSolution
		SolutionGuid = {0F3320AA-D548-4265-AE29-24A0B1234474}
	EndGlobalSection
EndGlobal
